
Microsoft Visual Studio Solution File, Format Version 12.00
# Visual Studio Version 17
VisualStudioVersion = 17.0.31903.59
MinimumVisualStudioVersion = 10.0.40219.1
Project("{2150E333-8FDC-42A3-9474-1A3956D46DE8}") = "API", "API", "{7C4FE6C7-6C68-4885-8A31-D9BA6363991F}"
EndProject
Project("{FAE04EC0-301F-11D3-BF4B-00C04F79EFBC}") = "Domain", "API\Domain\Domain.csproj", "{728EC167-2A19-41DF-8275-1723D5F6DAD7}"
EndProject
Project("{FAE04EC0-301F-11D3-BF4B-00C04F79EFBC}") = "Host", "API\Host\Host.csproj", "{8E06313F-7411-4540-B6AB-C3C1D84123EA}"
EndProject
Project("{FAE04EC0-301F-11D3-BF4B-00C04F79EFBC}") = "Infrastructure", "API\Infrastructure\Infrastructure.csproj", "{5AA3C8FB-D97E-4F3A-AF0A-37DE2FA1AA2B}"
EndProject
Global
	GlobalSection(SolutionConfigurationPlatforms) = preSolution
		Debug|Any CPU = Debug|Any CPU
		Release|Any CPU = Release|Any CPU
	EndGlobalSection
	GlobalSection(ProjectConfigurationPlatforms) = postSolution
		{728EC167-2A19-41DF-8275-1723D5F6DAD7}.Debug|Any CPU.ActiveCfg = Debug|Any CPU
		{728EC167-2A19-41DF-8275-1723D5F6DAD7}.Debug|Any CPU.Build.0 = Debug|Any CPU
		{728EC167-2A19-41DF-8275-1723D5F6DAD7}.Release|Any CPU.ActiveCfg = Release|Any CPU
		{728EC167-2A19-41DF-8275-1723D5F6DAD7}.Release|Any CPU.Build.0 = Release|Any CPU
		{8E06313F-7411-4540-B6AB-C3C1D84123EA}.Debug|Any CPU.ActiveCfg = Debug|Any CPU
		{8E06313F-7411-4540-B6AB-C3C1D84123EA}.Debug|Any CPU.Build.0 = Debug|Any CPU
		{8E06313F-7411-4540-B6AB-C3C1D84123EA}.Release|Any CPU.ActiveCfg = Release|Any CPU
		{8E06313F-7411-4540-B6AB-C3C1D84123EA}.Release|Any CPU.Build.0 = Release|Any CPU
		{5AA3C8FB-D97E-4F3A-AF0A-37DE2FA1AA2B}.Debug|Any CPU.ActiveCfg = Debug|Any CPU
		{5AA3C8FB-D97E-4F3A-AF0A-37DE2FA1AA2B}.Debug|Any CPU.Build.0 = Debug|Any CPU
		{5AA3C8FB-D97E-4F3A-AF0A-37DE2FA1AA2B}.Release|Any CPU.ActiveCfg = Release|Any CPU
		{5AA3C8FB-D97E-4F3A-AF0A-37DE2FA1AA2B}.Release|Any CPU.Build.0 = Release|Any CPU
	EndGlobalSection
	GlobalSection(SolutionProperties) = preSolution
		HideSolutionNode = FALSE
	EndGlobalSection
	GlobalSection(NestedProjects) = preSolution
		{728EC167-2A19-41DF-8275-1723D5F6DAD7} = {7C4FE6C7-6C68-4885-8A31-D9BA6363991F}
		{8E06313F-7411-4540-B6AB-C3C1D84123EA} = {7C4FE6C7-6C68-4885-8A31-D9BA6363991F}
		{5AA3C8FB-D97E-4F3A-AF0A-37DE2FA1AA2B} = {7C4FE6C7-6C68-4885-8A31-D9BA6363991F}
	EndGlobalSection
EndGlobal
